// !$*UTF8*$!
{
	archiveVersion = 1;
	classes = {
	};
	objectVersion = 46;
	objects = {

/* Begin PBXBuildFile section */
		28B79DDE1B3BD70E000193D8 /* TestLocations.gpx in Resources */ = {isa = PBXBuildFile; fileRef = 28B79DDD1B3BD70E000193D8 /* TestLocations.gpx */; };
		28B79DE01B3BD783000193D8 /* San_Francisco_Sights.gpx in Resources */ = {isa = PBXBuildFile; fileRef = 28B79DDF1B3BD783000193D8 /* San_Francisco_Sights.gpx */; };
		28DA59CD1B43992E00A2496E /* Bolts.framework in Frameworks */ = {isa = PBXBuildFile; fileRef = 28DA59CB1B43992E00A2496E /* Bolts.framework */; };
		28DA59CE1B43992E00A2496E /* Parse.framework in Frameworks */ = {isa = PBXBuildFile; fileRef = 28DA59CC1B43992E00A2496E /* Parse.framework */; };
		28DA59D01B4399B000A2496E /* AudioToolbox.framework in Frameworks */ = {isa = PBXBuildFile; fileRef = 28DA59CF1B4399AF00A2496E /* AudioToolbox.framework */; };
		28DA59D21B4399CC00A2496E /* CFNetwork.framework in Frameworks */ = {isa = PBXBuildFile; fileRef = 28DA59D11B4399CC00A2496E /* CFNetwork.framework */; };
		28DA59D41B4399D200A2496E /* CoreGraphics.framework in Frameworks */ = {isa = PBXBuildFile; fileRef = 28DA59D31B4399D200A2496E /* CoreGraphics.framework */; };
		28DA59D61B4399D800A2496E /* CoreLocation.framework in Frameworks */ = {isa = PBXBuildFile; fileRef = 28DA59D51B4399D800A2496E /* CoreLocation.framework */; };
		28DA59D81B4399DD00A2496E /* MobileCoreServices.framework in Frameworks */ = {isa = PBXBuildFile; fileRef = 28DA59D71B4399DD00A2496E /* MobileCoreServices.framework */; };
		28DA59DA1B4399E200A2496E /* QuartzCore.framework in Frameworks */ = {isa = PBXBuildFile; fileRef = 28DA59D91B4399E200A2496E /* QuartzCore.framework */; };
		28DA59DC1B4399E800A2496E /* Security.framework in Frameworks */ = {isa = PBXBuildFile; fileRef = 28DA59DB1B4399E800A2496E /* Security.framework */; };
		28DA59DE1B4399ED00A2496E /* StoreKit.framework in Frameworks */ = {isa = PBXBuildFile; fileRef = 28DA59DD1B4399ED00A2496E /* StoreKit.framework */; };
		28DA59E01B4399F600A2496E /* SystemConfiguration.framework in Frameworks */ = {isa = PBXBuildFile; fileRef = 28DA59DF1B4399F600A2496E /* SystemConfiguration.framework */; };
		28DA59E21B4399FD00A2496E /* libz.dylib in Frameworks */ = {isa = PBXBuildFile; fileRef = 28DA59E11B4399FD00A2496E /* libz.dylib */; };
		28DA59E41B439A0A00A2496E /* libsqlite3.dylib in Frameworks */ = {isa = PBXBuildFile; fileRef = 28DA59E31B439A0A00A2496E /* libsqlite3.dylib */; };
		28DA59E61B43A08A00A2496E /* LoginScreenViewController.swift in Sources */ = {isa = PBXBuildFile; fileRef = 28DA59E51B43A08A00A2496E /* LoginScreenViewController.swift */; };
		619240681B34D2020049EEBF /* AppDelegate.swift in Sources */ = {isa = PBXBuildFile; fileRef = 619240671B34D2020049EEBF /* AppDelegate.swift */; };
		6192406B1B34D2020049EEBF /* Gem_City_Beta.xcdatamodeld in Sources */ = {isa = PBXBuildFile; fileRef = 619240691B34D2020049EEBF /* Gem_City_Beta.xcdatamodeld */; };
		6192406D1B34D2020049EEBF /* ViewController.swift in Sources */ = {isa = PBXBuildFile; fileRef = 6192406C1B34D2020049EEBF /* ViewController.swift */; };
		619240701B34D2020049EEBF /* Main.storyboard in Resources */ = {isa = PBXBuildFile; fileRef = 6192406E1B34D2020049EEBF /* Main.storyboard */; };
		619240721B34D2020049EEBF /* Images.xcassets in Resources */ = {isa = PBXBuildFile; fileRef = 619240711B34D2020049EEBF /* Images.xcassets */; };
		619240751B34D2020049EEBF /* LaunchScreen.xib in Resources */ = {isa = PBXBuildFile; fileRef = 619240731B34D2020049EEBF /* LaunchScreen.xib */; };
		619240811B34D2020049EEBF /* Gem_City_BetaTests.swift in Sources */ = {isa = PBXBuildFile; fileRef = 619240801B34D2020049EEBF /* Gem_City_BetaTests.swift */; };
		6192408B1B34D2090049EEBF /* MapKit.framework in Frameworks */ = {isa = PBXBuildFile; fileRef = 6192408A1B34D2090049EEBF /* MapKit.framework */; };
		DAEBD47C1B38A61A00D67504 /* Trees.swift in Sources */ = {isa = PBXBuildFile; fileRef = DAEBD47B1B38A61A00D67504 /* Trees.swift */; };
		DAEBD47E1B38A8A500D67504 /* VCMapView.swift in Sources */ = {isa = PBXBuildFile; fileRef = DAEBD47D1B38A8A500D67504 /* VCMapView.swift */; };
		DAEBD4821B38EC2F00D67504 /* SFTrees.json in Resources */ = {isa = PBXBuildFile; fileRef = DAEBD4811B38EC2F00D67504 /* SFTrees.json */; };
/* End PBXBuildFile section */

/* Begin PBXContainerItemProxy section */
		6192407B1B34D2020049EEBF /* PBXContainerItemProxy */ = {
			isa = PBXContainerItemProxy;
			containerPortal = 6192405A1B34D2020049EEBF /* Project object */;
			proxyType = 1;
			remoteGlobalIDString = 619240611B34D2020049EEBF;
			remoteInfo = "Gem City Beta";
		};
/* End PBXContainerItemProxy section */

/* Begin PBXFileReference section */
		28B79DDD1B3BD70E000193D8 /* TestLocations.gpx */ = {isa = PBXFileReference; fileEncoding = 4; lastKnownFileType = text.xml; path = TestLocations.gpx; sourceTree = "<group>"; };
		28B79DDF1B3BD783000193D8 /* San_Francisco_Sights.gpx */ = {isa = PBXFileReference; fileEncoding = 4; lastKnownFileType = text.xml; path = San_Francisco_Sights.gpx; sourceTree = "<group>"; };
		28DA59CB1B43992E00A2496E /* Bolts.framework */ = {isa = PBXFileReference; lastKnownFileType = wrapper.framework; path = Bolts.framework; sourceTree = "<group>"; };
		28DA59CC1B43992E00A2496E /* Parse.framework */ = {isa = PBXFileReference; lastKnownFileType = wrapper.framework; path = Parse.framework; sourceTree = "<group>"; };
		28DA59CF1B4399AF00A2496E /* AudioToolbox.framework */ = {isa = PBXFileReference; lastKnownFileType = wrapper.framework; name = AudioToolbox.framework; path = System/Library/Frameworks/AudioToolbox.framework; sourceTree = SDKROOT; };
		28DA59D11B4399CC00A2496E /* CFNetwork.framework */ = {isa = PBXFileReference; lastKnownFileType = wrapper.framework; name = CFNetwork.framework; path = System/Library/Frameworks/CFNetwork.framework; sourceTree = SDKROOT; };
		28DA59D31B4399D200A2496E /* CoreGraphics.framework */ = {isa = PBXFileReference; lastKnownFileType = wrapper.framework; name = CoreGraphics.framework; path = System/Library/Frameworks/CoreGraphics.framework; sourceTree = SDKROOT; };
		28DA59D51B4399D800A2496E /* CoreLocation.framework */ = {isa = PBXFileReference; lastKnownFileType = wrapper.framework; name = CoreLocation.framework; path = System/Library/Frameworks/CoreLocation.framework; sourceTree = SDKROOT; };
		28DA59D71B4399DD00A2496E /* MobileCoreServices.framework */ = {isa = PBXFileReference; lastKnownFileType = wrapper.framework; name = MobileCoreServices.framework; path = System/Library/Frameworks/MobileCoreServices.framework; sourceTree = SDKROOT; };
		28DA59D91B4399E200A2496E /* QuartzCore.framework */ = {isa = PBXFileReference; lastKnownFileType = wrapper.framework; name = QuartzCore.framework; path = System/Library/Frameworks/QuartzCore.framework; sourceTree = SDKROOT; };
		28DA59DB1B4399E800A2496E /* Security.framework */ = {isa = PBXFileReference; lastKnownFileType = wrapper.framework; name = Security.framework; path = System/Library/Frameworks/Security.framework; sourceTree = SDKROOT; };
		28DA59DD1B4399ED00A2496E /* StoreKit.framework */ = {isa = PBXFileReference; lastKnownFileType = wrapper.framework; name = StoreKit.framework; path = System/Library/Frameworks/StoreKit.framework; sourceTree = SDKROOT; };
		28DA59DF1B4399F600A2496E /* SystemConfiguration.framework */ = {isa = PBXFileReference; lastKnownFileType = wrapper.framework; name = SystemConfiguration.framework; path = System/Library/Frameworks/SystemConfiguration.framework; sourceTree = SDKROOT; };
		28DA59E11B4399FD00A2496E /* libz.dylib */ = {isa = PBXFileReference; lastKnownFileType = "compiled.mach-o.dylib"; name = libz.dylib; path = usr/lib/libz.dylib; sourceTree = SDKROOT; };
		28DA59E31B439A0A00A2496E /* libsqlite3.dylib */ = {isa = PBXFileReference; lastKnownFileType = "compiled.mach-o.dylib"; name = libsqlite3.dylib; path = usr/lib/libsqlite3.dylib; sourceTree = SDKROOT; };
		28DA59E51B43A08A00A2496E /* LoginScreenViewController.swift */ = {isa = PBXFileReference; fileEncoding = 4; lastKnownFileType = sourcecode.swift; name = LoginScreenViewController.swift; path = "../../../../../Downloads/gemcity-Edrick-Pascual/Gem City Beta/Gem City Beta/LoginScreenViewController.swift"; sourceTree = "<group>"; };
		619240621B34D2020049EEBF /* Gem City Beta.app */ = {isa = PBXFileReference; explicitFileType = wrapper.application; includeInIndex = 0; path = "Gem City Beta.app"; sourceTree = BUILT_PRODUCTS_DIR; };
		619240661B34D2020049EEBF /* Info.plist */ = {isa = PBXFileReference; lastKnownFileType = text.plist.xml; path = Info.plist; sourceTree = "<group>"; };
		619240671B34D2020049EEBF /* AppDelegate.swift */ = {isa = PBXFileReference; lastKnownFileType = sourcecode.swift; path = AppDelegate.swift; sourceTree = "<group>"; };
		6192406A1B34D2020049EEBF /* Gem_City_Beta.xcdatamodel */ = {isa = PBXFileReference; lastKnownFileType = wrapper.xcdatamodel; path = Gem_City_Beta.xcdatamodel; sourceTree = "<group>"; };
		6192406C1B34D2020049EEBF /* ViewController.swift */ = {isa = PBXFileReference; lastKnownFileType = sourcecode.swift; path = ViewController.swift; sourceTree = "<group>"; };
		6192406F1B34D2020049EEBF /* Base */ = {isa = PBXFileReference; lastKnownFileType = file.storyboard; name = Base; path = Base.lproj/Main.storyboard; sourceTree = "<group>"; };
		619240711B34D2020049EEBF /* Images.xcassets */ = {isa = PBXFileReference; lastKnownFileType = folder.assetcatalog; path = Images.xcassets; sourceTree = "<group>"; };
		619240741B34D2020049EEBF /* Base */ = {isa = PBXFileReference; lastKnownFileType = file.xib; name = Base; path = Base.lproj/LaunchScreen.xib; sourceTree = "<group>"; };
		6192407A1B34D2020049EEBF /* Gem City BetaTests.xctest */ = {isa = PBXFileReference; explicitFileType = wrapper.cfbundle; includeInIndex = 0; path = "Gem City BetaTests.xctest"; sourceTree = BUILT_PRODUCTS_DIR; };
		6192407F1B34D2020049EEBF /* Info.plist */ = {isa = PBXFileReference; lastKnownFileType = text.plist.xml; path = Info.plist; sourceTree = "<group>"; };
		619240801B34D2020049EEBF /* Gem_City_BetaTests.swift */ = {isa = PBXFileReference; lastKnownFileType = sourcecode.swift; path = Gem_City_BetaTests.swift; sourceTree = "<group>"; };
		6192408A1B34D2090049EEBF /* MapKit.framework */ = {isa = PBXFileReference; lastKnownFileType = wrapper.framework; name = MapKit.framework; path = System/Library/Frameworks/MapKit.framework; sourceTree = SDKROOT; };
		DAEBD47B1B38A61A00D67504 /* Trees.swift */ = {isa = PBXFileReference; fileEncoding = 4; lastKnownFileType = sourcecode.swift; path = Trees.swift; sourceTree = "<group>"; };
		DAEBD47D1B38A8A500D67504 /* VCMapView.swift */ = {isa = PBXFileReference; fileEncoding = 4; lastKnownFileType = sourcecode.swift; path = VCMapView.swift; sourceTree = "<group>"; };
		DAEBD4811B38EC2F00D67504 /* SFTrees.json */ = {isa = PBXFileReference; fileEncoding = 4; lastKnownFileType = text.json; name = SFTrees.json; path = "Gem City Beta/SFTrees.json"; sourceTree = "<group>"; };
/* End PBXFileReference section */

/* Begin PBXFrameworksBuildPhase section */
		6192405F1B34D2020049EEBF /* Frameworks */ = {
			isa = PBXFrameworksBuildPhase;
			buildActionMask = 2147483647;
			files = (
				28DA59E41B439A0A00A2496E /* libsqlite3.dylib in Frameworks */,
				28DA59E21B4399FD00A2496E /* libz.dylib in Frameworks */,
				28DA59E01B4399F600A2496E /* SystemConfiguration.framework in Frameworks */,
				28DA59DE1B4399ED00A2496E /* StoreKit.framework in Frameworks */,
				28DA59DC1B4399E800A2496E /* Security.framework in Frameworks */,
				28DA59DA1B4399E200A2496E /* QuartzCore.framework in Frameworks */,
				28DA59D81B4399DD00A2496E /* MobileCoreServices.framework in Frameworks */,
				28DA59D61B4399D800A2496E /* CoreLocation.framework in Frameworks */,
				28DA59D41B4399D200A2496E /* CoreGraphics.framework in Frameworks */,
				28DA59D21B4399CC00A2496E /* CFNetwork.framework in Frameworks */,
				28DA59D01B4399B000A2496E /* AudioToolbox.framework in Frameworks */,
				6192408B1B34D2090049EEBF /* MapKit.framework in Frameworks */,
				28DA59CE1B43992E00A2496E /* Parse.framework in Frameworks */,
				28DA59CD1B43992E00A2496E /* Bolts.framework in Frameworks */,
			);
			runOnlyForDeploymentPostprocessing = 0;
		};
		619240771B34D2020049EEBF /* Frameworks */ = {
			isa = PBXFrameworksBuildPhase;
			buildActionMask = 2147483647;
			files = (
			);
			runOnlyForDeploymentPostprocessing = 0;
		};
/* End PBXFrameworksBuildPhase section */

/* Begin PBXGroup section */
		619240591B34D2020049EEBF = {
			isa = PBXGroup;
			children = (
				28DA59E31B439A0A00A2496E /* libsqlite3.dylib */,
				28DA59E11B4399FD00A2496E /* libz.dylib */,
				28DA59DF1B4399F600A2496E /* SystemConfiguration.framework */,
				28DA59DD1B4399ED00A2496E /* StoreKit.framework */,
				28DA59DB1B4399E800A2496E /* Security.framework */,
				28DA59D91B4399E200A2496E /* QuartzCore.framework */,
				28DA59D71B4399DD00A2496E /* MobileCoreServices.framework */,
				28DA59D51B4399D800A2496E /* CoreLocation.framework */,
				28DA59D31B4399D200A2496E /* CoreGraphics.framework */,
				28DA59D11B4399CC00A2496E /* CFNetwork.framework */,
				28DA59CF1B4399AF00A2496E /* AudioToolbox.framework */,
				DAEBD4811B38EC2F00D67504 /* SFTrees.json */,
				28DA59CB1B43992E00A2496E /* Bolts.framework */,
				28DA59CC1B43992E00A2496E /* Parse.framework */,
				6192408A1B34D2090049EEBF /* MapKit.framework */,
				619240641B34D2020049EEBF /* Gem City Beta */,
				6192407D1B34D2020049EEBF /* Gem City BetaTests */,
				619240631B34D2020049EEBF /* Products */,
			);
			sourceTree = "<group>";
		};
		619240631B34D2020049EEBF /* Products */ = {
			isa = PBXGroup;
			children = (
				619240621B34D2020049EEBF /* Gem City Beta.app */,
				6192407A1B34D2020049EEBF /* Gem City BetaTests.xctest */,
			);
			name = Products;
			sourceTree = "<group>";
		};
		619240641B34D2020049EEBF /* Gem City Beta */ = {
			isa = PBXGroup;
			children = (
				619240671B34D2020049EEBF /* AppDelegate.swift */,
				6192406C1B34D2020049EEBF /* ViewController.swift */,
				28DA59E51B43A08A00A2496E /* LoginScreenViewController.swift */,
				DAEBD47D1B38A8A500D67504 /* VCMapView.swift */,
				DAEBD47B1B38A61A00D67504 /* Trees.swift */,
				6192406E1B34D2020049EEBF /* Main.storyboard */,
				619240711B34D2020049EEBF /* Images.xcassets */,
				619240731B34D2020049EEBF /* LaunchScreen.xib */,
				619240691B34D2020049EEBF /* Gem_City_Beta.xcdatamodeld */,
				619240651B34D2020049EEBF /* Supporting Files */,
			);
			path = "Gem City Beta";
			sourceTree = "<group>";
		};
		619240651B34D2020049EEBF /* Supporting Files */ = {
			isa = PBXGroup;
			children = (
				28B79DDD1B3BD70E000193D8 /* TestLocations.gpx */,
				28B79DDF1B3BD783000193D8 /* San_Francisco_Sights.gpx */,
				619240661B34D2020049EEBF /* Info.plist */,
			);
			name = "Supporting Files";
			sourceTree = "<group>";
		};
		6192407D1B34D2020049EEBF /* Gem City BetaTests */ = {
			isa = PBXGroup;
			children = (
				619240801B34D2020049EEBF /* Gem_City_BetaTests.swift */,
				6192407E1B34D2020049EEBF /* Supporting Files */,
			);
			path = "Gem City BetaTests";
			sourceTree = "<group>";
		};
		6192407E1B34D2020049EEBF /* Supporting Files */ = {
			isa = PBXGroup;
			children = (
				6192407F1B34D2020049EEBF /* Info.plist */,
			);
			name = "Supporting Files";
			sourceTree = "<group>";
		};
/* End PBXGroup section */

/* Begin PBXNativeTarget section */
		619240611B34D2020049EEBF /* Gem City Beta */ = {
			isa = PBXNativeTarget;
			buildConfigurationList = 619240841B34D2020049EEBF /* Build configuration list for PBXNativeTarget "Gem City Beta" */;
			buildPhases = (
				6192405E1B34D2020049EEBF /* Sources */,
				6192405F1B34D2020049EEBF /* Frameworks */,
				619240601B34D2020049EEBF /* Resources */,
			);
			buildRules = (
			);
			dependencies = (
			);
			name = "Gem City Beta";
			productName = "Gem City Beta";
			productReference = 619240621B34D2020049EEBF /* Gem City Beta.app */;
			productType = "com.apple.product-type.application";
		};
		619240791B34D2020049EEBF /* Gem City BetaTests */ = {
			isa = PBXNativeTarget;
			buildConfigurationList = 619240871B34D2020049EEBF /* Build configuration list for PBXNativeTarget "Gem City BetaTests" */;
			buildPhases = (
				619240761B34D2020049EEBF /* Sources */,
				619240771B34D2020049EEBF /* Frameworks */,
				619240781B34D2020049EEBF /* Resources */,
			);
			buildRules = (
			);
			dependencies = (
				6192407C1B34D2020049EEBF /* PBXTargetDependency */,
			);
			name = "Gem City BetaTests";
			productName = "Gem City BetaTests";
			productReference = 6192407A1B34D2020049EEBF /* Gem City BetaTests.xctest */;
			productType = "com.apple.product-type.bundle.unit-test";
		};
/* End PBXNativeTarget section */

/* Begin PBXProject section */
		6192405A1B34D2020049EEBF /* Project object */ = {
			isa = PBXProject;
			attributes = {
				LastUpgradeCheck = 0630;
				ORGANIZATIONNAME = "Edrick Pascual";
				TargetAttributes = {
					619240611B34D2020049EEBF = {
						CreatedOnToolsVersion = 6.3;
						DevelopmentTeam = 3FZ36259FX;
						SystemCapabilities = {
							com.apple.Maps.iOS = {
								enabled = 1;
							};
						};
					};
					619240791B34D2020049EEBF = {
						CreatedOnToolsVersion = 6.3;
						TestTargetID = 619240611B34D2020049EEBF;
					};
				};
			};
			buildConfigurationList = 6192405D1B34D2020049EEBF /* Build configuration list for PBXProject "Gem City Beta" */;
			compatibilityVersion = "Xcode 3.2";
			developmentRegion = English;
			hasScannedForEncodings = 0;
			knownRegions = (
				en,
				Base,
			);
			mainGroup = 619240591B34D2020049EEBF;
			productRefGroup = 619240631B34D2020049EEBF /* Products */;
			projectDirPath = "";
			projectRoot = "";
			targets = (
				619240611B34D2020049EEBF /* Gem City Beta */,
				619240791B34D2020049EEBF /* Gem City BetaTests */,
			);
		};
/* End PBXProject section */

/* Begin PBXResourcesBuildPhase section */
		619240601B34D2020049EEBF /* Resources */ = {
			isa = PBXResourcesBuildPhase;
			buildActionMask = 2147483647;
			files = (
				DAEBD4821B38EC2F00D67504 /* SFTrees.json in Resources */,
				619240701B34D2020049EEBF /* Main.storyboard in Resources */,
				619240751B34D2020049EEBF /* LaunchScreen.xib in Resources */,
				28B79DE01B3BD783000193D8 /* San_Francisco_Sights.gpx in Resources */,
				28B79DDE1B3BD70E000193D8 /* TestLocations.gpx in Resources */,
				619240721B34D2020049EEBF /* Images.xcassets in Resources */,
			);
			runOnlyForDeploymentPostprocessing = 0;
		};
		619240781B34D2020049EEBF /* Resources */ = {
			isa = PBXResourcesBuildPhase;
			buildActionMask = 2147483647;
			files = (
			);
			runOnlyForDeploymentPostprocessing = 0;
		};
/* End PBXResourcesBuildPhase section */

/* Begin PBXSourcesBuildPhase section */
		6192405E1B34D2020049EEBF /* Sources */ = {
			isa = PBXSourcesBuildPhase;
			buildActionMask = 2147483647;
			files = (
				6192406D1B34D2020049EEBF /* ViewController.swift in Sources */,
				DAEBD47C1B38A61A00D67504 /* Trees.swift in Sources */,
				28DA59E61B43A08A00A2496E /* LoginScreenViewController.swift in Sources */,
				DAEBD47E1B38A8A500D67504 /* VCMapView.swift in Sources */,
				6192406B1B34D2020049EEBF /* Gem_City_Beta.xcdatamodeld in Sources */,
				619240681B34D2020049EEBF /* AppDelegate.swift in Sources */,
			);
			runOnlyForDeploymentPostprocessing = 0;
		};
		619240761B34D2020049EEBF /* Sources */ = {
			isa = PBXSourcesBuildPhase;
			buildActionMask = 2147483647;
			files = (
				619240811B34D2020049EEBF /* Gem_City_BetaTests.swift in Sources */,
			);
			runOnlyForDeploymentPostprocessing = 0;
		};
/* End PBXSourcesBuildPhase section */

/* Begin PBXTargetDependency section */
		6192407C1B34D2020049EEBF /* PBXTargetDependency */ = {
			isa = PBXTargetDependency;
			target = 619240611B34D2020049EEBF /* Gem City Beta */;
			targetProxy = 6192407B1B34D2020049EEBF /* PBXContainerItemProxy */;
		};
/* End PBXTargetDependency section */

/* Begin PBXVariantGroup section */
		6192406E1B34D2020049EEBF /* Main.storyboard */ = {
			isa = PBXVariantGroup;
			children = (
				6192406F1B34D2020049EEBF /* Base */,
			);
			name = Main.storyboard;
			sourceTree = "<group>";
		};
		619240731B34D2020049EEBF /* LaunchScreen.xib */ = {
			isa = PBXVariantGroup;
			children = (
				619240741B34D2020049EEBF /* Base */,
			);
			name = LaunchScreen.xib;
			sourceTree = "<group>";
		};
/* End PBXVariantGroup section */

/* Begin XCBuildConfiguration section */
		619240821B34D2020049EEBF /* Debug */ = {
			isa = XCBuildConfiguration;
			buildSettings = {
				ALWAYS_SEARCH_USER_PATHS = NO;
				CLANG_CXX_LANGUAGE_STANDARD = "gnu++0x";
				CLANG_CXX_LIBRARY = "libc++";
				CLANG_ENABLE_MODULES = YES;
				CLANG_ENABLE_OBJC_ARC = YES;
				CLANG_WARN_BOOL_CONVERSION = YES;
				CLANG_WARN_CONSTANT_CONVERSION = YES;
				CLANG_WARN_DIRECT_OBJC_ISA_USAGE = YES_ERROR;
				CLANG_WARN_EMPTY_BODY = YES;
				CLANG_WARN_ENUM_CONVERSION = YES;
				CLANG_WARN_INT_CONVERSION = YES;
				CLANG_WARN_OBJC_ROOT_CLASS = YES_ERROR;
				CLANG_WARN_UNREACHABLE_CODE = YES;
				CLANG_WARN__DUPLICATE_METHOD_MATCH = YES;
				"CODE_SIGN_IDENTITY[sdk=iphoneos*]" = "iPhone Developer";
				COPY_PHASE_STRIP = NO;
				DEBUG_INFORMATION_FORMAT = "dwarf-with-dsym";
				ENABLE_STRICT_OBJC_MSGSEND = YES;
				GCC_C_LANGUAGE_STANDARD = gnu99;
				GCC_DYNAMIC_NO_PIC = NO;
				GCC_NO_COMMON_BLOCKS = YES;
				GCC_OPTIMIZATION_LEVEL = 0;
				GCC_PREPROCESSOR_DEFINITIONS = (
					"DEBUG=1",
					"$(inherited)",
				);
				GCC_SYMBOLS_PRIVATE_EXTERN = NO;
				GCC_WARN_64_TO_32_BIT_CONVERSION = YES;
				GCC_WARN_ABOUT_RETURN_TYPE = YES_ERROR;
				GCC_WARN_UNDECLARED_SELECTOR = YES;
				GCC_WARN_UNINITIALIZED_AUTOS = YES_AGGRESSIVE;
				GCC_WARN_UNUSED_FUNCTION = YES;
				GCC_WARN_UNUSED_VARIABLE = YES;
				IPHONEOS_DEPLOYMENT_TARGET = 8.3;
				MTL_ENABLE_DEBUG_INFO = YES;
				ONLY_ACTIVE_ARCH = YES;
				SDKROOT = iphoneos;
				SWIFT_OPTIMIZATION_LEVEL = "-Onone";
				TARGETED_DEVICE_FAMILY = "1,2";
			};
			name = Debug;
		};
		619240831B34D2020049EEBF /* Release */ = {
			isa = XCBuildConfiguration;
			buildSettings = {
				ALWAYS_SEARCH_USER_PATHS = NO;
				CLANG_CXX_LANGUAGE_STANDARD = "gnu++0x";
				CLANG_CXX_LIBRARY = "libc++";
				CLANG_ENABLE_MODULES = YES;
				CLANG_ENABLE_OBJC_ARC = YES;
				CLANG_WARN_BOOL_CONVERSION = YES;
				CLANG_WARN_CONSTANT_CONVERSION = YES;
				CLANG_WARN_DIRECT_OBJC_ISA_USAGE = YES_ERROR;
				CLANG_WARN_EMPTY_BODY = YES;
				CLANG_WARN_ENUM_CONVERSION = YES;
				CLANG_WARN_INT_CONVERSION = YES;
				CLANG_WARN_OBJC_ROOT_CLASS = YES_ERROR;
				CLANG_WARN_UNREACHABLE_CODE = YES;
				CLANG_WARN__DUPLICATE_METHOD_MATCH = YES;
				"CODE_SIGN_IDENTITY[sdk=iphoneos*]" = "iPhone Developer";
				COPY_PHASE_STRIP = NO;
				DEBUG_INFORMATION_FORMAT = "dwarf-with-dsym";
				ENABLE_NS_ASSERTIONS = NO;
				ENABLE_STRICT_OBJC_MSGSEND = YES;
				GCC_C_LANGUAGE_STANDARD = gnu99;
				GCC_NO_COMMON_BLOCKS = YES;
				GCC_WARN_64_TO_32_BIT_CONVERSION = YES;
				GCC_WARN_ABOUT_RETURN_TYPE = YES_ERROR;
				GCC_WARN_UNDECLARED_SELECTOR = YES;
				GCC_WARN_UNINITIALIZED_AUTOS = YES_AGGRESSIVE;
				GCC_WARN_UNUSED_FUNCTION = YES;
				GCC_WARN_UNUSED_VARIABLE = YES;
				IPHONEOS_DEPLOYMENT_TARGET = 8.3;
				MTL_ENABLE_DEBUG_INFO = NO;
				SDKROOT = iphoneos;
				TARGETED_DEVICE_FAMILY = "1,2";
				VALIDATE_PRODUCT = YES;
			};
			name = Release;
		};
		619240851B34D2020049EEBF /* Debug */ = {
			isa = XCBuildConfiguration;
			buildSettings = {
				ASSETCATALOG_COMPILER_APPICON_NAME = AppIcon;
				CODE_SIGN_IDENTITY = "iPhone Developer";
				"CODE_SIGN_IDENTITY[sdk=iphoneos*]" = "iPhone Developer";
				FRAMEWORK_SEARCH_PATHS = (
					"$(inherited)",
					"$(PROJECT_DIR)",
				);
				INFOPLIST_FILE = "Gem City Beta/Info.plist";
				LD_RUNPATH_SEARCH_PATHS = "$(inherited) @executable_path/Frameworks";
				PRODUCT_NAME = "$(TARGET_NAME)";
				PROVISIONING_PROFILE = "";
			};
			name = Debug;
		};
		619240861B34D2020049EEBF /* Release */ = {
			isa = XCBuildConfiguration;
			buildSettings = {
				ASSETCATALOG_COMPILER_APPICON_NAME = AppIcon;
				CODE_SIGN_IDENTITY = "iPhone Developer";
				"CODE_SIGN_IDENTITY[sdk=iphoneos*]" = "iPhone Developer";
				FRAMEWORK_SEARCH_PATHS = (
					"$(inherited)",
					"$(PROJECT_DIR)",
				);
				INFOPLIST_FILE = "Gem City Beta/Info.plist";
				LD_RUNPATH_SEARCH_PATHS = "$(inherited) @executable_path/Frameworks";
				PRODUCT_NAME = "$(TARGET_NAME)";
				PROVISIONING_PROFILE = "";
			};
			name = Release;
		};
		619240881B34D2020049EEBF /* Debug */ = {
			isa = XCBuildConfiguration;
			buildSettings = {
				BUNDLE_LOADER = "$(TEST_HOST)";
				FRAMEWORK_SEARCH_PATHS = (
					"$(SDKROOT)/Developer/Library/Frameworks",
					"$(inherited)",
				);
				GCC_PREPROCESSOR_DEFINITIONS = (
					"DEBUG=1",
					"$(inherited)",
				);
				INFOPLIST_FILE = "Gem City BetaTests/Info.plist";
				LD_RUNPATH_SEARCH_PATHS = "$(inherited) @executable_path/Frameworks @loader_path/Frameworks";
				PRODUCT_NAME = "$(TARGET_NAME)";
				TEST_HOST = "$(BUILT_PRODUCTS_DIR)/Gem City Beta.app/Gem City Beta";
			};
			name = Debug;
		};
		619240891B34D2020049EEBF /* Release */ = {
			isa = XCBuildConfiguration;
			buildSettings = {
				BUNDLE_LOADER = "$(TEST_HOST)";
				FRAMEWORK_SEARCH_PATHS = (
					"$(SDKROOT)/Developer/Library/Frameworks",
					"$(inherited)",
				);
				INFOPLIST_FILE = "Gem City BetaTests/Info.plist";
				LD_RUNPATH_SEARCH_PATHS = "$(inherited) @executable_path/Frameworks @loader_path/Frameworks";
				PRODUCT_NAME = "$(TARGET_NAME)";
				TEST_HOST = "$(BUILT_PRODUCTS_DIR)/Gem City Beta.app/Gem City Beta";
			};
			name = Release;
		};
/* End XCBuildConfiguration section */

/* Begin XCConfigurationList section */
		6192405D1B34D2020049EEBF /* Build configuration list for PBXProject "Gem City Beta" */ = {
			isa = XCConfigurationList;
			buildConfigurations = (
				619240821B34D2020049EEBF /* Debug */,
				619240831B34D2020049EEBF /* Release */,
			);
			defaultConfigurationIsVisible = 0;
			defaultConfigurationName = Release;
		};
		619240841B34D2020049EEBF /* Build configuration list for PBXNativeTarget "Gem City Beta" */ = {
			isa = XCConfigurationList;
			buildConfigurations = (
				619240851B34D2020049EEBF /* Debug */,
				619240861B34D2020049EEBF /* Release */,
			);
			defaultConfigurationIsVisible = 0;
			defaultConfigurationName = Release;
		};
		619240871B34D2020049EEBF /* Build configuration list for PBXNativeTarget "Gem City BetaTests" */ = {
			isa = XCConfigurationList;
			buildConfigurations = (
				619240881B34D2020049EEBF /* Debug */,
				619240891B34D2020049EEBF /* Release */,
			);
			defaultConfigurationIsVisible = 0;
			defaultConfigurationName = Release;
		};
/* End XCConfigurationList section */

/* Begin XCVersionGroup section */
		619240691B34D2020049EEBF /* Gem_City_Beta.xcdatamodeld */ = {
			isa = XCVersionGroup;
			children = (
				6192406A1B34D2020049EEBF /* Gem_City_Beta.xcdatamodel */,
			);
			currentVersion = 6192406A1B34D2020049EEBF /* Gem_City_Beta.xcdatamodel */;
			path = Gem_City_Beta.xcdatamodeld;
			sourceTree = "<group>";
			versionGroupType = wrapper.xcdatamodel;
		};
/* End XCVersionGroup section */
	};
	rootObject = 6192405A1B34D2020049EEBF /* Project object */;
}
